
Microsoft Visual Studio Solution File, Format Version 12.00
# Visual Studio Version 17
VisualStudioVersion = 17.7.34031.279
MinimumVisualStudioVersion = 10.0.40219.1
Project("{FAE04EC0-301F-11D3-BF4B-00C04F79EFBC}") = "WonderRecipes", "WonderRecipes.csproj", "{8577D4D7-6923-48D2-9BC1-48D511593C0B}"
EndProject
Global
	GlobalSection(SolutionConfigurationPlatforms) = preSolution
		Debug|Any CPU = Debug|Any CPU
		Release|Any CPU = Release|Any CPU
	EndGlobalSection
	GlobalSection(ProjectConfigurationPlatforms) = postSolution
		{8577D4D7-6923-48D2-9BC1-48D511593C0B}.Debug|Any CPU.ActiveCfg = Debug|Any CPU
		{8577D4D7-6923-48D2-9BC1-48D511593C0B}.Debug|Any CPU.Build.0 = Debug|Any CPU
		{8577D4D7-6923-48D2-9BC1-48D511593C0B}.Release|Any CPU.ActiveCfg = Release|Any CPU
		{8577D4D7-6923-48D2-9BC1-48D511593C0B}.Release|Any CPU.Build.0 = Release|Any CPU
	EndGlobalSection
	GlobalSection(SolutionProperties) = preSolution
		HideSolutionNode = FALSE
	EndGlobalSection
	GlobalSection(ExtensibilityGlobals) = postSolution
		SolutionGuid = {B0A2C85F-FA0F-4D0C-BBDD-4F3C07076009}
	EndGlobalSection
EndGlobal
